
Microsoft Visual Studio Solution File, Format Version 12.00
# Visual Studio 2012
Project("{FAE04EC0-301F-11D3-BF4B-00C04F79EFBC}") = "Hello World", "Hello World\Hello World.csproj", "{C7FFA16F-1686-4BB5-BB2D-3F08CB4AE58C}"
EndProject
Global
	GlobalSection(SolutionConfigurationPlatforms) = preSolution
		Debug|Any CPU = Debug|Any CPU
		Release|Any CPU = Release|Any CPU
	EndGlobalSection
	GlobalSection(ProjectConfigurationPlatforms) = postSolution
		{C7FFA16F-1686-4BB5-BB2D-3F08CB4AE58C}.Debug|Any CPU.ActiveCfg = Debug|Any CPU
		{C7FFA16F-1686-4BB5-BB2D-3F08CB4AE58C}.Debug|Any CPU.Build.0 = Debug|Any CPU
		{C7FFA16F-1686-4BB5-BB2D-3F08CB4AE58C}.Release|Any CPU.ActiveCfg = Release|Any CPU
		{C7FFA16F-1686-4BB5-BB2D-3F08CB4AE58C}.Release|Any CPU.Build.0 = Release|Any CPU
	EndGlobalSection
	GlobalSection(SolutionProperties) = preSolution
		HideSolutionNode = FALSE
	EndGlobalSection
EndGlobal
